
Microsoft Visual Studio Solution File, Format Version 12.00
# Visual Studio Version 17
VisualStudioVersion = 17.8.34525.116
MinimumVisualStudioVersion = 10.0.40219.1
Project("{888888A0-9F3D-457C-B088-3A5042F75D52}") = "localcon", "localcon.pyproj", "{AA0F34E3-0BAB-4138-8A75-926B7B30510E}"
EndProject
Global
	GlobalSection(SolutionConfigurationPlatforms) = preSolution
		Debug|Any CPU = Debug|Any CPU
		Release|Any CPU = Release|Any CPU
	EndGlobalSection
	GlobalSection(ProjectConfigurationPlatforms) = postSolution
		{AA0F34E3-0BAB-4138-8A75-926B7B30510E}.Debug|Any CPU.ActiveCfg = Debug|Any CPU
		{AA0F34E3-0BAB-4138-8A75-926B7B30510E}.Release|Any CPU.ActiveCfg = Release|Any CPU
	EndGlobalSection
	GlobalSection(SolutionProperties) = preSolution
		HideSolutionNode = FALSE
	EndGlobalSection
	GlobalSection(ExtensibilityGlobals) = postSolution
		SolutionGuid = {DE4ACD5F-8781-4E44-81F5-50B048FA3486}
	EndGlobalSection
EndGlobal
